
Microsoft Visual Studio Solution File, Format Version 12.00
# Visual Studio 2013
VisualStudioVersion = 12.0.31101.0
MinimumVisualStudioVersion = 10.0.40219.1
Project("{2150E333-8FDC-42A3-9474-1A3956D46DE8}") = "Hosts", "Hosts", "{374BA3D4-DB2F-41D6-B655-A3A38A0EE8B7}"
EndProject
Project("{2150E333-8FDC-42A3-9474-1A3956D46DE8}") = "General", "General", "{C372160B-96E2-4239-8093-A6CE690BC019}"
EndProject
Project("{2150E333-8FDC-42A3-9474-1A3956D46DE8}") = "Client", "Client", "{D1E370CC-4988-411C-ADA3-871D9FEB336B}"
EndProject
Project("{FAE04EC0-301F-11D3-BF4B-00C04F79EFBC}") = "EBus.Site", "EBus.Site\EBus.Site.csproj", "{DBB3DCB8-02FE-46BF-8B6E-165750DC134A}"
EndProject
Project("{FAE04EC0-301F-11D3-BF4B-00C04F79EFBC}") = "EBus.Config", "EBus.Config\EBus.Config.csproj", "{DA950A81-86B8-43AE-B63D-D60F5E7F3213}"
EndProject
Project("{FAE04EC0-301F-11D3-BF4B-00C04F79EFBC}") = "EBus.Contracts", "EBus.Contracts\EBus.Contracts.csproj", "{EE4426CC-D797-4D9D-9B73-6450F0BFCFC8}"
EndProject
Project("{FAE04EC0-301F-11D3-BF4B-00C04F79EFBC}") = "EBus.Host1", "EBus.Host1\EBus.Host1.csproj", "{58C737DB-7F08-4CC0-B53D-8F4703B718FD}"
EndProject
Project("{FAE04EC0-301F-11D3-BF4B-00C04F79EFBC}") = "EBus.Host2", "EBus.Host2\EBus.Host2.csproj", "{A352014D-43FE-40B9-99CD-83D0CA9984AC}"
EndProject
Project("{FAE04EC0-301F-11D3-BF4B-00C04F79EFBC}") = "EBus.Host3", "EBus.Host3\EBus.Host3.csproj", "{C3A5264B-6111-49C6-B51F-E454851D9455}"
EndProject
Project("{2150E333-8FDC-42A3-9474-1A3956D46DE8}") = "Solution Items", "Solution Items", "{0A42B919-D168-4D84-AAC1-C563EC761375}"
	ProjectSection(SolutionItems) = preProject
		TODO.txt = TODO.txt
	EndProjectSection
EndProject
Global
	GlobalSection(SolutionConfigurationPlatforms) = preSolution
		Debug|Any CPU = Debug|Any CPU
		Release|Any CPU = Release|Any CPU
	EndGlobalSection
	GlobalSection(ProjectConfigurationPlatforms) = postSolution
		{DBB3DCB8-02FE-46BF-8B6E-165750DC134A}.Debug|Any CPU.ActiveCfg = Debug|Any CPU
		{DBB3DCB8-02FE-46BF-8B6E-165750DC134A}.Debug|Any CPU.Build.0 = Debug|Any CPU
		{DBB3DCB8-02FE-46BF-8B6E-165750DC134A}.Release|Any CPU.ActiveCfg = Release|Any CPU
		{DBB3DCB8-02FE-46BF-8B6E-165750DC134A}.Release|Any CPU.Build.0 = Release|Any CPU
		{DA950A81-86B8-43AE-B63D-D60F5E7F3213}.Debug|Any CPU.ActiveCfg = Debug|Any CPU
		{DA950A81-86B8-43AE-B63D-D60F5E7F3213}.Debug|Any CPU.Build.0 = Debug|Any CPU
		{DA950A81-86B8-43AE-B63D-D60F5E7F3213}.Release|Any CPU.ActiveCfg = Release|Any CPU
		{DA950A81-86B8-43AE-B63D-D60F5E7F3213}.Release|Any CPU.Build.0 = Release|Any CPU
		{EE4426CC-D797-4D9D-9B73-6450F0BFCFC8}.Debug|Any CPU.ActiveCfg = Debug|Any CPU
		{EE4426CC-D797-4D9D-9B73-6450F0BFCFC8}.Debug|Any CPU.Build.0 = Debug|Any CPU
		{EE4426CC-D797-4D9D-9B73-6450F0BFCFC8}.Release|Any CPU.ActiveCfg = Release|Any CPU
		{EE4426CC-D797-4D9D-9B73-6450F0BFCFC8}.Release|Any CPU.Build.0 = Release|Any CPU
		{58C737DB-7F08-4CC0-B53D-8F4703B718FD}.Debug|Any CPU.ActiveCfg = Debug|Any CPU
		{58C737DB-7F08-4CC0-B53D-8F4703B718FD}.Debug|Any CPU.Build.0 = Debug|Any CPU
		{58C737DB-7F08-4CC0-B53D-8F4703B718FD}.Release|Any CPU.ActiveCfg = Release|Any CPU
		{58C737DB-7F08-4CC0-B53D-8F4703B718FD}.Release|Any CPU.Build.0 = Release|Any CPU
		{A352014D-43FE-40B9-99CD-83D0CA9984AC}.Debug|Any CPU.ActiveCfg = Debug|Any CPU
		{A352014D-43FE-40B9-99CD-83D0CA9984AC}.Debug|Any CPU.Build.0 = Debug|Any CPU
		{A352014D-43FE-40B9-99CD-83D0CA9984AC}.Release|Any CPU.ActiveCfg = Release|Any CPU
		{A352014D-43FE-40B9-99CD-83D0CA9984AC}.Release|Any CPU.Build.0 = Release|Any CPU
		{C3A5264B-6111-49C6-B51F-E454851D9455}.Debug|Any CPU.ActiveCfg = Debug|Any CPU
		{C3A5264B-6111-49C6-B51F-E454851D9455}.Debug|Any CPU.Build.0 = Debug|Any CPU
		{C3A5264B-6111-49C6-B51F-E454851D9455}.Release|Any CPU.ActiveCfg = Release|Any CPU
		{C3A5264B-6111-49C6-B51F-E454851D9455}.Release|Any CPU.Build.0 = Release|Any CPU
	EndGlobalSection
	GlobalSection(SolutionProperties) = preSolution
		HideSolutionNode = FALSE
	EndGlobalSection
	GlobalSection(NestedProjects) = preSolution
		{DBB3DCB8-02FE-46BF-8B6E-165750DC134A} = {D1E370CC-4988-411C-ADA3-871D9FEB336B}
		{DA950A81-86B8-43AE-B63D-D60F5E7F3213} = {C372160B-96E2-4239-8093-A6CE690BC019}
		{EE4426CC-D797-4D9D-9B73-6450F0BFCFC8} = {C372160B-96E2-4239-8093-A6CE690BC019}
		{58C737DB-7F08-4CC0-B53D-8F4703B718FD} = {374BA3D4-DB2F-41D6-B655-A3A38A0EE8B7}
		{A352014D-43FE-40B9-99CD-83D0CA9984AC} = {374BA3D4-DB2F-41D6-B655-A3A38A0EE8B7}
		{C3A5264B-6111-49C6-B51F-E454851D9455} = {374BA3D4-DB2F-41D6-B655-A3A38A0EE8B7}
	EndGlobalSection
EndGlobal
