
Microsoft Visual Studio Solution File, Format Version 12.00
# Visual Studio 2013
VisualStudioVersion = 12.0.31101.0
MinimumVisualStudioVersion = 10.0.40219.1
Project("{FAE04EC0-301F-11D3-BF4B-00C04F79EFBC}") = "ESite", "ESite\ESite.csproj", "{DBB3DCB8-02FE-46BF-8B6E-165750DC134A}"
EndProject
Project("{FAE04EC0-301F-11D3-BF4B-00C04F79EFBC}") = "EContracts", "EContracts\EContracts.csproj", "{EE4426CC-D797-4D9D-9B73-6450F0BFCFC8}"
EndProject
Project("{FAE04EC0-301F-11D3-BF4B-00C04F79EFBC}") = "ESiteHost", "ESiteHost\ESiteHost.csproj", "{58C737DB-7F08-4CC0-B53D-8F4703B718FD}"
EndProject
Project("{FAE04EC0-301F-11D3-BF4B-00C04F79EFBC}") = "EServiceBusEndpoint", "EServiceBusEndpoint\EServiceBusEndpoint.csproj", "{C3A5264B-6111-49C6-B51F-E454851D9455}"
EndProject
Project("{FAE04EC0-301F-11D3-BF4B-00C04F79EFBC}") = "EEndpointHandler", "EEndpointHandler\EEndpointHandler.csproj", "{A352014D-43FE-40B9-99CD-83D0CA9984AC}"
EndProject
Global
	GlobalSection(SolutionConfigurationPlatforms) = preSolution
		Debug|Any CPU = Debug|Any CPU
		Release|Any CPU = Release|Any CPU
	EndGlobalSection
	GlobalSection(ProjectConfigurationPlatforms) = postSolution
		{DBB3DCB8-02FE-46BF-8B6E-165750DC134A}.Debug|Any CPU.ActiveCfg = Debug|Any CPU
		{DBB3DCB8-02FE-46BF-8B6E-165750DC134A}.Debug|Any CPU.Build.0 = Debug|Any CPU
		{DBB3DCB8-02FE-46BF-8B6E-165750DC134A}.Release|Any CPU.ActiveCfg = Release|Any CPU
		{DBB3DCB8-02FE-46BF-8B6E-165750DC134A}.Release|Any CPU.Build.0 = Release|Any CPU
		{EE4426CC-D797-4D9D-9B73-6450F0BFCFC8}.Debug|Any CPU.ActiveCfg = Debug|Any CPU
		{EE4426CC-D797-4D9D-9B73-6450F0BFCFC8}.Debug|Any CPU.Build.0 = Debug|Any CPU
		{EE4426CC-D797-4D9D-9B73-6450F0BFCFC8}.Release|Any CPU.ActiveCfg = Release|Any CPU
		{EE4426CC-D797-4D9D-9B73-6450F0BFCFC8}.Release|Any CPU.Build.0 = Release|Any CPU
		{58C737DB-7F08-4CC0-B53D-8F4703B718FD}.Debug|Any CPU.ActiveCfg = Debug|Any CPU
		{58C737DB-7F08-4CC0-B53D-8F4703B718FD}.Debug|Any CPU.Build.0 = Debug|Any CPU
		{58C737DB-7F08-4CC0-B53D-8F4703B718FD}.Release|Any CPU.ActiveCfg = Release|Any CPU
		{58C737DB-7F08-4CC0-B53D-8F4703B718FD}.Release|Any CPU.Build.0 = Release|Any CPU
		{C3A5264B-6111-49C6-B51F-E454851D9455}.Debug|Any CPU.ActiveCfg = Debug|Any CPU
		{C3A5264B-6111-49C6-B51F-E454851D9455}.Debug|Any CPU.Build.0 = Debug|Any CPU
		{C3A5264B-6111-49C6-B51F-E454851D9455}.Release|Any CPU.ActiveCfg = Release|Any CPU
		{C3A5264B-6111-49C6-B51F-E454851D9455}.Release|Any CPU.Build.0 = Release|Any CPU
		{A352014D-43FE-40B9-99CD-83D0CA9984AC}.Debug|Any CPU.ActiveCfg = Debug|Any CPU
		{A352014D-43FE-40B9-99CD-83D0CA9984AC}.Debug|Any CPU.Build.0 = Debug|Any CPU
		{A352014D-43FE-40B9-99CD-83D0CA9984AC}.Release|Any CPU.ActiveCfg = Release|Any CPU
		{A352014D-43FE-40B9-99CD-83D0CA9984AC}.Release|Any CPU.Build.0 = Release|Any CPU
	EndGlobalSection
	GlobalSection(SolutionProperties) = preSolution
		HideSolutionNode = FALSE
	EndGlobalSection
EndGlobal
